// !$*UTF8*$!
{
	archiveVersion = 1;
	classes = {
	};
	objectVersion = 46;
	objects = {

/* Begin PBXBuildFile section */
		8B41D62A1BCC494900E9174D /* AppDelegate.swift in Sources */ = {isa = PBXBuildFile; fileRef = 8B41D6291BCC494900E9174D /* AppDelegate.swift */; };
		8B41D62C1BCC494900E9174D /* ViewController.swift in Sources */ = {isa = PBXBuildFile; fileRef = 8B41D62B1BCC494900E9174D /* ViewController.swift */; };
		8B41D62F1BCC494900E9174D /* Main.storyboard in Resources */ = {isa = PBXBuildFile; fileRef = 8B41D62D1BCC494900E9174D /* Main.storyboard */; };
		8B41D6311BCC494900E9174D /* Assets.xcassets in Resources */ = {isa = PBXBuildFile; fileRef = 8B41D6301BCC494900E9174D /* Assets.xcassets */; };
		8B41D63F1BCC494900E9174D /* CalculatorTests.swift in Sources */ = {isa = PBXBuildFile; fileRef = 8B41D63E1BCC494900E9174D /* CalculatorTests.swift */; };
		8B41D64A1BCC494A00E9174D /* CalculatorUITests.swift in Sources */ = {isa = PBXBuildFile; fileRef = 8B41D6491BCC494A00E9174D /* CalculatorUITests.swift */; };
		8B41D6581BCC5CE300E9174D /* Math.swift in Sources */ = {isa = PBXBuildFile; fileRef = 8B41D6571BCC5CE300E9174D /* Math.swift */; settings = {ASSET_TAGS = (); }; };
/* End PBXBuildFile section */

/* Begin PBXContainerItemProxy section */
		8B41D63B1BCC494900E9174D /* PBXContainerItemProxy */ = {
			isa = PBXContainerItemProxy;
			containerPortal = 8B41D61E1BCC494900E9174D /* Project object */;
			proxyType = 1;
			remoteGlobalIDString = 8B41D6251BCC494900E9174D;
			remoteInfo = Calculator;
		};
		8B41D6461BCC494A00E9174D /* PBXContainerItemProxy */ = {
			isa = PBXContainerItemProxy;
			containerPortal = 8B41D61E1BCC494900E9174D /* Project object */;
			proxyType = 1;
			remoteGlobalIDString = 8B41D6251BCC494900E9174D;
			remoteInfo = Calculator;
		};
/* End PBXContainerItemProxy section */

/* Begin PBXFileReference section */
		8B41D6261BCC494900E9174D /* Calculator.app */ = {isa = PBXFileReference; explicitFileType = wrapper.application; includeInIndex = 0; path = Calculator.app; sourceTree = BUILT_PRODUCTS_DIR; };
		8B41D6291BCC494900E9174D /* AppDelegate.swift */ = {isa = PBXFileReference; lastKnownFileType = sourcecode.swift; path = AppDelegate.swift; sourceTree = "<group>"; };
		8B41D62B1BCC494900E9174D /* ViewController.swift */ = {isa = PBXFileReference; lastKnownFileType = sourcecode.swift; path = ViewController.swift; sourceTree = "<group>"; };
		8B41D62E1BCC494900E9174D /* Base */ = {isa = PBXFileReference; lastKnownFileType = file.storyboard; name = Base; path = Base.lproj/Main.storyboard; sourceTree = "<group>"; };
		8B41D6301BCC494900E9174D /* Assets.xcassets */ = {isa = PBXFileReference; lastKnownFileType = folder.assetcatalog; path = Assets.xcassets; sourceTree = "<group>"; };
		8B41D6351BCC494900E9174D /* Info.plist */ = {isa = PBXFileReference; lastKnownFileType = text.plist.xml; path = Info.plist; sourceTree = "<group>"; };
		8B41D63A1BCC494900E9174D /* CalculatorTests.xctest */ = {isa = PBXFileReference; explicitFileType = wrapper.cfbundle; includeInIndex = 0; path = CalculatorTests.xctest; sourceTree = BUILT_PRODUCTS_DIR; };
		8B41D63E1BCC494900E9174D /* CalculatorTests.swift */ = {isa = PBXFileReference; lastKnownFileType = sourcecode.swift; path = CalculatorTests.swift; sourceTree = "<group>"; };
		8B41D6401BCC494900E9174D /* Info.plist */ = {isa = PBXFileReference; lastKnownFileType = text.plist.xml; path = Info.plist; sourceTree = "<group>"; };
		8B41D6451BCC494A00E9174D /* CalculatorUITests.xctest */ = {isa = PBXFileReference; explicitFileType = wrapper.cfbundle; includeInIndex = 0; path = CalculatorUITests.xctest; sourceTree = BUILT_PRODUCTS_DIR; };
		8B41D6491BCC494A00E9174D /* CalculatorUITests.swift */ = {isa = PBXFileReference; lastKnownFileType = sourcecode.swift; path = CalculatorUITests.swift; sourceTree = "<group>"; };
		8B41D64B1BCC494A00E9174D /* Info.plist */ = {isa = PBXFileReference; lastKnownFileType = text.plist.xml; path = Info.plist; sourceTree = "<group>"; };
		8B41D6571BCC5CE300E9174D /* Math.swift */ = {isa = PBXFileReference; fileEncoding = 4; lastKnownFileType = sourcecode.swift; path = Math.swift; sourceTree = "<group>"; };
/* End PBXFileReference section */

/* Begin PBXFrameworksBuildPhase section */
		8B41D6231BCC494900E9174D /* Frameworks */ = {
			isa = PBXFrameworksBuildPhase;
			buildActionMask = 2147483647;
			files = (
			);
			runOnlyForDeploymentPostprocessing = 0;
		};
		8B41D6371BCC494900E9174D /* Frameworks */ = {
			isa = PBXFrameworksBuildPhase;
			buildActionMask = 2147483647;
			files = (
			);
			runOnlyForDeploymentPostprocessing = 0;
		};
		8B41D6421BCC494A00E9174D /* Frameworks */ = {
			isa = PBXFrameworksBuildPhase;
			buildActionMask = 2147483647;
			files = (
			);
			runOnlyForDeploymentPostprocessing = 0;
		};
/* End PBXFrameworksBuildPhase section */

/* Begin PBXGroup section */
		8B41D61D1BCC494900E9174D = {
			isa = PBXGroup;
			children = (
				8B41D6281BCC494900E9174D /* Calculator */,
				8B41D63D1BCC494900E9174D /* CalculatorTests */,
				8B41D6481BCC494A00E9174D /* CalculatorUITests */,
				8B41D6271BCC494900E9174D /* Products */,
			);
			sourceTree = "<group>";
		};
		8B41D6271BCC494900E9174D /* Products */ = {
			isa = PBXGroup;
			children = (
				8B41D6261BCC494900E9174D /* Calculator.app */,
				8B41D63A1BCC494900E9174D /* CalculatorTests.xctest */,
				8B41D6451BCC494A00E9174D /* CalculatorUITests.xctest */,
			);
			name = Products;
			sourceTree = "<group>";
		};
		8B41D6281BCC494900E9174D /* Calculator */ = {
			isa = PBXGroup;
			children = (
				8B41D6291BCC494900E9174D /* AppDelegate.swift */,
				8B41D62B1BCC494900E9174D /* ViewController.swift */,
				8B41D6571BCC5CE300E9174D /* Math.swift */,
				8B41D62D1BCC494900E9174D /* Main.storyboard */,
				8B41D6301BCC494900E9174D /* Assets.xcassets */,
				8B41D6351BCC494900E9174D /* Info.plist */,
			);
			path = Calculator;
			sourceTree = "<group>";
		};
		8B41D63D1BCC494900E9174D /* CalculatorTests */ = {
			isa = PBXGroup;
			children = (
				8B41D63E1BCC494900E9174D /* CalculatorTests.swift */,
				8B41D6401BCC494900E9174D /* Info.plist */,
			);
			path = CalculatorTests;
			sourceTree = "<group>";
		};
		8B41D6481BCC494A00E9174D /* CalculatorUITests */ = {
			isa = PBXGroup;
			children = (
				8B41D6491BCC494A00E9174D /* CalculatorUITests.swift */,
				8B41D64B1BCC494A00E9174D /* Info.plist */,
			);
			path = CalculatorUITests;
			sourceTree = "<group>";
		};
/* End PBXGroup section */

/* Begin PBXNativeTarget section */
		8B41D6251BCC494900E9174D /* Calculator */ = {
			isa = PBXNativeTarget;
			buildConfigurationList = 8B41D64E1BCC494A00E9174D /* Build configuration list for PBXNativeTarget "Calculator" */;
			buildPhases = (
				8B41D6221BCC494900E9174D /* Sources */,
				8B41D6231BCC494900E9174D /* Frameworks */,
				8B41D6241BCC494900E9174D /* Resources */,
			);
			buildRules = (
			);
			dependencies = (
			);
			name = Calculator;
			productName = Calculator;
			productReference = 8B41D6261BCC494900E9174D /* Calculator.app */;
			productType = "com.apple.product-type.application";
		};
		8B41D6391BCC494900E9174D /* CalculatorTests */ = {
			isa = PBXNativeTarget;
			buildConfigurationList = 8B41D6511BCC494A00E9174D /* Build configuration list for PBXNativeTarget "CalculatorTests" */;
			buildPhases = (
				8B41D6361BCC494900E9174D /* Sources */,
				8B41D6371BCC494900E9174D /* Frameworks */,
				8B41D6381BCC494900E9174D /* Resources */,
			);
			buildRules = (
			);
			dependencies = (
				8B41D63C1BCC494900E9174D /* PBXTargetDependency */,
			);
			name = CalculatorTests;
			productName = CalculatorTests;
			productReference = 8B41D63A1BCC494900E9174D /* CalculatorTests.xctest */;
			productType = "com.apple.product-type.bundle.unit-test";
		};
		8B41D6441BCC494A00E9174D /* CalculatorUITests */ = {
			isa = PBXNativeTarget;
			buildConfigurationList = 8B41D6541BCC494A00E9174D /* Build configuration list for PBXNativeTarget "CalculatorUITests" */;
			buildPhases = (
				8B41D6411BCC494A00E9174D /* Sources */,
				8B41D6421BCC494A00E9174D /* Frameworks */,
				8B41D6431BCC494A00E9174D /* Resources */,
			);
			buildRules = (
			);
			dependencies = (
				8B41D6471BCC494A00E9174D /* PBXTargetDependency */,
			);
			name = CalculatorUITests;
			productName = CalculatorUITests;
			productReference = 8B41D6451BCC494A00E9174D /* CalculatorUITests.xctest */;
			productType = "com.apple.product-type.bundle.ui-testing";
		};
/* End PBXNativeTarget section */

/* Begin PBXProject section */
		8B41D61E1BCC494900E9174D /* Project object */ = {
			isa = PBXProject;
			attributes = {
				LastUpgradeCheck = 0700;
				TargetAttributes = {
					8B41D6251BCC494900E9174D = {
						CreatedOnToolsVersion = 7.0.1;
					};
					8B41D6391BCC494900E9174D = {
						CreatedOnToolsVersion = 7.0.1;
						TestTargetID = 8B41D6251BCC494900E9174D;
					};
					8B41D6441BCC494A00E9174D = {
						CreatedOnToolsVersion = 7.0.1;
						TestTargetID = 8B41D6251BCC494900E9174D;
					};
				};
			};
			buildConfigurationList = 8B41D6211BCC494900E9174D /* Build configuration list for PBXProject "Calculator" */;
			compatibilityVersion = "Xcode 3.2";
			developmentRegion = English;
			hasScannedForEncodings = 0;
			knownRegions = (
				en,
				Base,
			);
			mainGroup = 8B41D61D1BCC494900E9174D;
			productRefGroup = 8B41D6271BCC494900E9174D /* Products */;
			projectDirPath = "";
			projectRoot = "";
			targets = (
				8B41D6251BCC494900E9174D /* Calculator */,
				8B41D6391BCC494900E9174D /* CalculatorTests */,
				8B41D6441BCC494A00E9174D /* CalculatorUITests */,
			);
		};
/* End PBXProject section */

/* Begin PBXResourcesBuildPhase section */
		8B41D6241BCC494900E9174D /* Resources */ = {
			isa = PBXResourcesBuildPhase;
			buildActionMask = 2147483647;
			files = (
				8B41D6311BCC494900E9174D /* Assets.xcassets in Resources */,
				8B41D62F1BCC494900E9174D /* Main.storyboard in Resources */,
			);
			runOnlyForDeploymentPostprocessing = 0;
		};
		8B41D6381BCC494900E9174D /* Resources */ = {
			isa = PBXResourcesBuildPhase;
			buildActionMask = 2147483647;
			files = (
			);
			runOnlyForDeploymentPostprocessing = 0;
		};
		8B41D6431BCC494A00E9174D /* Resources */ = {
			isa = PBXResourcesBuildPhase;
			buildActionMask = 2147483647;
			files = (
			);
			runOnlyForDeploymentPostprocessing = 0;
		};
/* End PBXResourcesBuildPhase section */

/* Begin PBXSourcesBuildPhase section */
		8B41D6221BCC494900E9174D /* Sources */ = {
			isa = PBXSourcesBuildPhase;
			buildActionMask = 2147483647;
			files = (
				8B41D62C1BCC494900E9174D /* ViewController.swift in Sources */,
				8B41D62A1BCC494900E9174D /* AppDelegate.swift in Sources */,
				8B41D6581BCC5CE300E9174D /* Math.swift in Sources */,
			);
			runOnlyForDeploymentPostprocessing = 0;
		};
		8B41D6361BCC494900E9174D /* Sources */ = {
			isa = PBXSourcesBuildPhase;
			buildActionMask = 2147483647;
			files = (
				8B41D63F1BCC494900E9174D /* CalculatorTests.swift in Sources */,
			);
			runOnlyForDeploymentPostprocessing = 0;
		};
		8B41D6411BCC494A00E9174D /* Sources */ = {
			isa = PBXSourcesBuildPhase;
			buildActionMask = 2147483647;
			files = (
				8B41D64A1BCC494A00E9174D /* CalculatorUITests.swift in Sources */,
			);
			runOnlyForDeploymentPostprocessing = 0;
		};
/* End PBXSourcesBuildPhase section */

/* Begin PBXTargetDependency section */
		8B41D63C1BCC494900E9174D /* PBXTargetDependency */ = {
			isa = PBXTargetDependency;
			target = 8B41D6251BCC494900E9174D /* Calculator */;
			targetProxy = 8B41D63B1BCC494900E9174D /* PBXContainerItemProxy */;
		};
		8B41D6471BCC494A00E9174D /* PBXTargetDependency */ = {
			isa = PBXTargetDependency;
			target = 8B41D6251BCC494900E9174D /* Calculator */;
			targetProxy = 8B41D6461BCC494A00E9174D /* PBXContainerItemProxy */;
		};
/* End PBXTargetDependency section */

/* Begin PBXVariantGroup section */
		8B41D62D1BCC494900E9174D /* Main.storyboard */ = {
			isa = PBXVariantGroup;
			children = (
				8B41D62E1BCC494900E9174D /* Base */,
			);
			name = Main.storyboard;
			sourceTree = "<group>";
		};
/* End PBXVariantGroup section */

/* Begin XCBuildConfiguration section */
		8B41D64C1BCC494A00E9174D /* Debug */ = {
			isa = XCBuildConfiguration;
			buildSettings = {
				ALWAYS_SEARCH_USER_PATHS = NO;
				CLANG_CXX_LANGUAGE_STANDARD = "gnu++0x";
				CLANG_CXX_LIBRARY = "libc++";
				CLANG_ENABLE_MODULES = YES;
				CLANG_ENABLE_OBJC_ARC = YES;
				CLANG_WARN_BOOL_CONVERSION = YES;
				CLANG_WARN_CONSTANT_CONVERSION = YES;
				CLANG_WARN_DIRECT_OBJC_ISA_USAGE = YES_ERROR;
				CLANG_WARN_EMPTY_BODY = YES;
				CLANG_WARN_ENUM_CONVERSION = YES;
				CLANG_WARN_INT_CONVERSION = YES;
				CLANG_WARN_OBJC_ROOT_CLASS = YES_ERROR;
				CLANG_WARN_UNREACHABLE_CODE = YES;
				CLANG_WARN__DUPLICATE_METHOD_MATCH = YES;
				"CODE_SIGN_IDENTITY[sdk=iphoneos*]" = "iPhone Developer";
				COPY_PHASE_STRIP = NO;
				DEBUG_INFORMATION_FORMAT = dwarf;
				ENABLE_STRICT_OBJC_MSGSEND = YES;
				ENABLE_TESTABILITY = YES;
				GCC_C_LANGUAGE_STANDARD = gnu99;
				GCC_DYNAMIC_NO_PIC = NO;
				GCC_NO_COMMON_BLOCKS = YES;
				GCC_OPTIMIZATION_LEVEL = 0;
				GCC_PREPROCESSOR_DEFINITIONS = (
					"DEBUG=1",
					"$(inherited)",
				);
				GCC_WARN_64_TO_32_BIT_CONVERSION = YES;
				GCC_WARN_ABOUT_RETURN_TYPE = YES_ERROR;
				GCC_WARN_UNDECLARED_SELECTOR = YES;
				GCC_WARN_UNINITIALIZED_AUTOS = YES_AGGRESSIVE;
				GCC_WARN_UNUSED_FUNCTION = YES;
				GCC_WARN_UNUSED_VARIABLE = YES;
				IPHONEOS_DEPLOYMENT_TARGET = 9.0;
				MTL_ENABLE_DEBUG_INFO = YES;
				ONLY_ACTIVE_ARCH = YES;
				SDKROOT = iphoneos;
				SWIFT_OPTIMIZATION_LEVEL = "-Onone";
			};
			name = Debug;
		};
		8B41D64D1BCC494A00E9174D /* Release */ = {
			isa = XCBuildConfiguration;
			buildSettings = {
				ALWAYS_SEARCH_USER_PATHS = NO;
				CLANG_CXX_LANGUAGE_STANDARD = "gnu++0x";
				CLANG_CXX_LIBRARY = "libc++";
				CLANG_ENABLE_MODULES = YES;
				CLANG_ENABLE_OBJC_ARC = YES;
				CLANG_WARN_BOOL_CONVERSION = YES;
				CLANG_WARN_CONSTANT_CONVERSION = YES;
				CLANG_WARN_DIRECT_OBJC_ISA_USAGE = YES_ERROR;
				CLANG_WARN_EMPTY_BODY = YES;
				CLANG_WARN_ENUM_CONVERSION = YES;
				CLANG_WARN_INT_CONVERSION = YES;
				CLANG_WARN_OBJC_ROOT_CLASS = YES_ERROR;
				CLANG_WARN_UNREACHABLE_CODE = YES;
				CLANG_WARN__DUPLICATE_METHOD_MATCH = YES;
				"CODE_SIGN_IDENTITY[sdk=iphoneos*]" = "iPhone Developer";
				COPY_PHASE_STRIP = NO;
				DEBUG_INFORMATION_FORMAT = "dwarf-with-dsym";
				ENABLE_NS_ASSERTIONS = NO;
				ENABLE_STRICT_OBJC_MSGSEND = YES;
				GCC_C_LANGUAGE_STANDARD = gnu99;
				GCC_NO_COMMON_BLOCKS = YES;
				GCC_WARN_64_TO_32_BIT_CONVERSION = YES;
				GCC_WARN_ABOUT_RETURN_TYPE = YES_ERROR;
				GCC_WARN_UNDECLARED_SELECTOR = YES;
				GCC_WARN_UNINITIALIZED_AUTOS = YES_AGGRESSIVE;
				GCC_WARN_UNUSED_FUNCTION = YES;
				GCC_WARN_UNUSED_VARIABLE = YES;
				IPHONEOS_DEPLOYMENT_TARGET = 9.0;
				MTL_ENABLE_DEBUG_INFO = NO;
				SDKROOT = iphoneos;
				VALIDATE_PRODUCT = YES;
			};
			name = Release;
		};
		8B41D64F1BCC494A00E9174D /* Debug */ = {
			isa = XCBuildConfiguration;
			buildSettings = {
				ASSETCATALOG_COMPILER_APPICON_NAME = AppIcon;
				INFOPLIST_FILE = Calculator/Info.plist;
				LD_RUNPATH_SEARCH_PATHS = "$(inherited) @executable_path/Frameworks";
				PRODUCT_BUNDLE_IDENTIFIER = demo.Calculator;
				PRODUCT_NAME = "$(TARGET_NAME)";
			};
			name = Debug;
		};
		8B41D6501BCC494A00E9174D /* Release */ = {
			isa = XCBuildConfiguration;
			buildSettings = {
				ASSETCATALOG_COMPILER_APPICON_NAME = AppIcon;
				INFOPLIST_FILE = Calculator/Info.plist;
				LD_RUNPATH_SEARCH_PATHS = "$(inherited) @executable_path/Frameworks";
				PRODUCT_BUNDLE_IDENTIFIER = demo.Calculator;
				PRODUCT_NAME = "$(TARGET_NAME)";
			};
			name = Release;
		};
		8B41D6521BCC494A00E9174D /* Debug */ = {
			isa = XCBuildConfiguration;
			buildSettings = {
				BUNDLE_LOADER = "$(TEST_HOST)";
				INFOPLIST_FILE = CalculatorTests/Info.plist;
				LD_RUNPATH_SEARCH_PATHS = "$(inherited) @executable_path/Frameworks @loader_path/Frameworks";
				PRODUCT_BUNDLE_IDENTIFIER = demo.CalculatorTests;
				PRODUCT_NAME = "$(TARGET_NAME)";
				TEST_HOST = "$(BUILT_PRODUCTS_DIR)/Calculator.app/Calculator";
			};
			name = Debug;
		};
		8B41D6531BCC494A00E9174D /* Release */ = {
			isa = XCBuildConfiguration;
			buildSettings = {
				BUNDLE_LOADER = "$(TEST_HOST)";
				INFOPLIST_FILE = CalculatorTests/Info.plist;
				LD_RUNPATH_SEARCH_PATHS = "$(inherited) @executable_path/Frameworks @loader_path/Frameworks";
				PRODUCT_BUNDLE_IDENTIFIER = demo.CalculatorTests;
				PRODUCT_NAME = "$(TARGET_NAME)";
				TEST_HOST = "$(BUILT_PRODUCTS_DIR)/Calculator.app/Calculator";
			};
			name = Release;
		};
		8B41D6551BCC494A00E9174D /* Debug */ = {
			isa = XCBuildConfiguration;
			buildSettings = {
				INFOPLIST_FILE = CalculatorUITests/Info.plist;
				LD_RUNPATH_SEARCH_PATHS = "$(inherited) @executable_path/Frameworks @loader_path/Frameworks";
				PRODUCT_BUNDLE_IDENTIFIER = demo.CalculatorUITests;
				PRODUCT_NAME = "$(TARGET_NAME)";
				TEST_TARGET_NAME = Calculator;
				USES_XCTRUNNER = YES;
			};
			name = Debug;
		};
		8B41D6561BCC494A00E9174D /* Release */ = {
			isa = XCBuildConfiguration;
			buildSettings = {
				INFOPLIST_FILE = CalculatorUITests/Info.plist;
				LD_RUNPATH_SEARCH_PATHS = "$(inherited) @executable_path/Frameworks @loader_path/Frameworks";
				PRODUCT_BUNDLE_IDENTIFIER = demo.CalculatorUITests;
				PRODUCT_NAME = "$(TARGET_NAME)";
				TEST_TARGET_NAME = Calculator;
				USES_XCTRUNNER = YES;
			};
			name = Release;
		};
/* End XCBuildConfiguration section */

/* Begin XCConfigurationList section */
		8B41D6211BCC494900E9174D /* Build configuration list for PBXProject "Calculator" */ = {
			isa = XCConfigurationList;
			buildConfigurations = (
				8B41D64C1BCC494A00E9174D /* Debug */,
				8B41D64D1BCC494A00E9174D /* Release */,
			);
			defaultConfigurationIsVisible = 0;
			defaultConfigurationName = Debug;
		};
		8B41D64E1BCC494A00E9174D /* Build configuration list for PBXNativeTarget "Calculator" */ = {
			isa = XCConfigurationList;
			buildConfigurations = (
				8B41D64F1BCC494A00E9174D /* Debug */,
				8B41D6501BCC494A00E9174D /* Release */,
			);
			defaultConfigurationIsVisible = 0;
			defaultConfigurationName = Debug;
		};
		8B41D6511BCC494A00E9174D /* Build configuration list for PBXNativeTarget "CalculatorTests" */ = {
			isa = XCConfigurationList;
			buildConfigurations = (
				8B41D6521BCC494A00E9174D /* Debug */,
				8B41D6531BCC494A00E9174D /* Release */,
			);
			defaultConfigurationIsVisible = 0;
			defaultConfigurationName = Debug;
		};
		8B41D6541BCC494A00E9174D /* Build configuration list for PBXNativeTarget "CalculatorUITests" */ = {
			isa = XCConfigurationList;
			buildConfigurations = (
				8B41D6551BCC494A00E9174D /* Debug */,
				8B41D6561BCC494A00E9174D /* Release */,
			);
			defaultConfigurationIsVisible = 0;
			defaultConfigurationName = Debug;
		};
/* End XCConfigurationList section */
	};
	rootObject = 8B41D61E1BCC494900E9174D /* Project object */;
}
